{"filter":false,"title":"package-lock.json","tooltip":"/ec2-vendor/package-lock.json","undoManager":{"mark":-1,"position":-1,"stack":[]},"ace":{"folds":[],"scrolltop":3060,"scrollleft":0,"selection":{"start":{"row":0,"column":0},"end":{"row":0,"column":0},"isBackwards":false},"options":{"guessTabSize":true,"useWrapMode":false,"wrapToView":true},"firstLineState":0},"timestamp":1695256717623,"hash":"be834d87fabf39ba8e7e2ee88414da06e2dfdcf1"}